
Microsoft Visual Studio Solution File, Format Version 12.00
# Visual Studio Version 17
VisualStudioVersion = 17.1.32210.238
MinimumVisualStudioVersion = 10.0.40219.1
Project("{FAE04EC0-301F-11D3-BF4B-00C04F79EFBC}") = "net6webapi", "net6webapi\net6webapi.csproj", "{9300F03F-5D1E-4B2C-ABDD-88EFBB0DF426}"
EndProject
Global
	GlobalSection(SolutionConfigurationPlatforms) = preSolution
		Debug|Any CPU = Debug|Any CPU
		Release|Any CPU = Release|Any CPU
	EndGlobalSection
	GlobalSection(ProjectConfigurationPlatforms) = postSolution
		{9300F03F-5D1E-4B2C-ABDD-88EFBB0DF426}.Debug|Any CPU.ActiveCfg = Debug|Any CPU
		{9300F03F-5D1E-4B2C-ABDD-88EFBB0DF426}.Debug|Any CPU.Build.0 = Debug|Any CPU
		{9300F03F-5D1E-4B2C-ABDD-88EFBB0DF426}.Release|Any CPU.ActiveCfg = Release|Any CPU
		{9300F03F-5D1E-4B2C-ABDD-88EFBB0DF426}.Release|Any CPU.Build.0 = Release|Any CPU
	EndGlobalSection
	GlobalSection(SolutionProperties) = preSolution
		HideSolutionNode = FALSE
	EndGlobalSection
	GlobalSection(ExtensibilityGlobals) = postSolution
		SolutionGuid = {DF3A2920-7594-47D5-B0A2-796950A670A1}
	EndGlobalSection
EndGlobal
